
Microsoft Visual Studio Solution File, Format Version 12.00
# Visual Studio Version 17
VisualStudioVersion = 17.9.34714.143
MinimumVisualStudioVersion = 10.0.40219.1
Project("{FAE04EC0-301F-11D3-BF4B-00C04F79EFBC}") = "ResolvendoUmProblemaSemOO", "ResolvendoUmProblemaSemOO\ResolvendoUmProblemaSemOO.csproj", "{926AEE3C-30DA-441E-982D-E9E691A79BFD}"
EndProject
Global
	GlobalSection(SolutionConfigurationPlatforms) = preSolution
		Debug|Any CPU = Debug|Any CPU
		Release|Any CPU = Release|Any CPU
	EndGlobalSection
	GlobalSection(ProjectConfigurationPlatforms) = postSolution
		{926AEE3C-30DA-441E-982D-E9E691A79BFD}.Debug|Any CPU.ActiveCfg = Debug|Any CPU
		{926AEE3C-30DA-441E-982D-E9E691A79BFD}.Debug|Any CPU.Build.0 = Debug|Any CPU
		{926AEE3C-30DA-441E-982D-E9E691A79BFD}.Release|Any CPU.ActiveCfg = Release|Any CPU
		{926AEE3C-30DA-441E-982D-E9E691A79BFD}.Release|Any CPU.Build.0 = Release|Any CPU
	EndGlobalSection
	GlobalSection(SolutionProperties) = preSolution
		HideSolutionNode = FALSE
	EndGlobalSection
	GlobalSection(ExtensibilityGlobals) = postSolution
		SolutionGuid = {E101B04A-8998-4BED-9E28-2CC5C779968A}
	EndGlobalSection
EndGlobal
