
Microsoft Visual Studio Solution File, Format Version 12.00
# Visual Studio Version 17
VisualStudioVersion = 17.9.34714.143
MinimumVisualStudioVersion = 10.0.40219.1
Project("{FAE04EC0-301F-11D3-BF4B-00C04F79EFBC}") = "Exercicio02", "Exercicio02\Exercicio02.csproj", "{64836C3F-0512-49E8-99A0-902F21585794}"
EndProject
Global
	GlobalSection(SolutionConfigurationPlatforms) = preSolution
		Debug|Any CPU = Debug|Any CPU
		Release|Any CPU = Release|Any CPU
	EndGlobalSection
	GlobalSection(ProjectConfigurationPlatforms) = postSolution
		{64836C3F-0512-49E8-99A0-902F21585794}.Debug|Any CPU.ActiveCfg = Debug|Any CPU
		{64836C3F-0512-49E8-99A0-902F21585794}.Debug|Any CPU.Build.0 = Debug|Any CPU
		{64836C3F-0512-49E8-99A0-902F21585794}.Release|Any CPU.ActiveCfg = Release|Any CPU
		{64836C3F-0512-49E8-99A0-902F21585794}.Release|Any CPU.Build.0 = Release|Any CPU
	EndGlobalSection
	GlobalSection(SolutionProperties) = preSolution
		HideSolutionNode = FALSE
	EndGlobalSection
	GlobalSection(ExtensibilityGlobals) = postSolution
		SolutionGuid = {17E371E4-3D1B-4DEA-9AD9-342F7A96E8DC}
	EndGlobalSection
EndGlobal
