
Microsoft Visual Studio Solution File, Format Version 12.00
# Visual Studio Version 17
VisualStudioVersion = 17.9.34714.143
MinimumVisualStudioVersion = 10.0.40219.1
Project("{FAE04EC0-301F-11D3-BF4B-00C04F79EFBC}") = "Exercicio01", "Exercicio01\Exercicio01.csproj", "{4D20D7ED-4BEA-4E84-889F-2D7C0AE5AE58}"
EndProject
Global
	GlobalSection(SolutionConfigurationPlatforms) = preSolution
		Debug|Any CPU = Debug|Any CPU
		Release|Any CPU = Release|Any CPU
	EndGlobalSection
	GlobalSection(ProjectConfigurationPlatforms) = postSolution
		{4D20D7ED-4BEA-4E84-889F-2D7C0AE5AE58}.Debug|Any CPU.ActiveCfg = Debug|Any CPU
		{4D20D7ED-4BEA-4E84-889F-2D7C0AE5AE58}.Debug|Any CPU.Build.0 = Debug|Any CPU
		{4D20D7ED-4BEA-4E84-889F-2D7C0AE5AE58}.Release|Any CPU.ActiveCfg = Release|Any CPU
		{4D20D7ED-4BEA-4E84-889F-2D7C0AE5AE58}.Release|Any CPU.Build.0 = Release|Any CPU
	EndGlobalSection
	GlobalSection(SolutionProperties) = preSolution
		HideSolutionNode = FALSE
	EndGlobalSection
	GlobalSection(ExtensibilityGlobals) = postSolution
		SolutionGuid = {3EBE6A14-4B61-4754-9A99-AD8D12E66D24}
	EndGlobalSection
EndGlobal
