
Microsoft Visual Studio Solution File, Format Version 12.00
# Visual Studio Version 17
VisualStudioVersion = 17.9.34714.143
MinimumVisualStudioVersion = 10.0.40219.1
Project("{FAE04EC0-301F-11D3-BF4B-00C04F79EFBC}") = "MembrosEstaticos", "MembrosEstaticos\MembrosEstaticos.csproj", "{E70AB85A-3A3C-4027-BE93-669D7FDD7F01}"
EndProject
Global
	GlobalSection(SolutionConfigurationPlatforms) = preSolution
		Debug|Any CPU = Debug|Any CPU
		Release|Any CPU = Release|Any CPU
	EndGlobalSection
	GlobalSection(ProjectConfigurationPlatforms) = postSolution
		{E70AB85A-3A3C-4027-BE93-669D7FDD7F01}.Debug|Any CPU.ActiveCfg = Debug|Any CPU
		{E70AB85A-3A3C-4027-BE93-669D7FDD7F01}.Debug|Any CPU.Build.0 = Debug|Any CPU
		{E70AB85A-3A3C-4027-BE93-669D7FDD7F01}.Release|Any CPU.ActiveCfg = Release|Any CPU
		{E70AB85A-3A3C-4027-BE93-669D7FDD7F01}.Release|Any CPU.Build.0 = Release|Any CPU
	EndGlobalSection
	GlobalSection(SolutionProperties) = preSolution
		HideSolutionNode = FALSE
	EndGlobalSection
	GlobalSection(ExtensibilityGlobals) = postSolution
		SolutionGuid = {F8AD222D-FB41-4F2B-9306-091BC4413748}
	EndGlobalSection
EndGlobal
