
Microsoft Visual Studio Solution File, Format Version 12.00
# Visual Studio Version 17
VisualStudioVersion = 17.9.34714.143
MinimumVisualStudioVersion = 10.0.40219.1
Project("{FAE04EC0-301F-11D3-BF4B-00C04F79EFBC}") = "OperadoresComparativos", "OperadoresComparativos\OperadoresComparativos.csproj", "{1DD15E3C-862E-4158-B68F-7ACCBD9F1FD6}"
EndProject
Global
	GlobalSection(SolutionConfigurationPlatforms) = preSolution
		Debug|Any CPU = Debug|Any CPU
		Release|Any CPU = Release|Any CPU
	EndGlobalSection
	GlobalSection(ProjectConfigurationPlatforms) = postSolution
		{1DD15E3C-862E-4158-B68F-7ACCBD9F1FD6}.Debug|Any CPU.ActiveCfg = Debug|Any CPU
		{1DD15E3C-862E-4158-B68F-7ACCBD9F1FD6}.Debug|Any CPU.Build.0 = Debug|Any CPU
		{1DD15E3C-862E-4158-B68F-7ACCBD9F1FD6}.Release|Any CPU.ActiveCfg = Release|Any CPU
		{1DD15E3C-862E-4158-B68F-7ACCBD9F1FD6}.Release|Any CPU.Build.0 = Release|Any CPU
	EndGlobalSection
	GlobalSection(SolutionProperties) = preSolution
		HideSolutionNode = FALSE
	EndGlobalSection
	GlobalSection(ExtensibilityGlobals) = postSolution
		SolutionGuid = {DD1D92E7-38EB-4113-8354-7329CBA4D76B}
	EndGlobalSection
EndGlobal
