
Microsoft Visual Studio Solution File, Format Version 12.00
# Visual Studio Version 17
VisualStudioVersion = 17.9.34714.143
MinimumVisualStudioVersion = 10.0.40219.1
Project("{FAE04EC0-301F-11D3-BF4B-00C04F79EFBC}") = "OperadoresLogicos", "OperadoresLogicos\OperadoresLogicos.csproj", "{373D050C-B051-483A-9A1D-531FD04DB196}"
EndProject
Global
	GlobalSection(SolutionConfigurationPlatforms) = preSolution
		Debug|Any CPU = Debug|Any CPU
		Release|Any CPU = Release|Any CPU
	EndGlobalSection
	GlobalSection(ProjectConfigurationPlatforms) = postSolution
		{373D050C-B051-483A-9A1D-531FD04DB196}.Debug|Any CPU.ActiveCfg = Debug|Any CPU
		{373D050C-B051-483A-9A1D-531FD04DB196}.Debug|Any CPU.Build.0 = Debug|Any CPU
		{373D050C-B051-483A-9A1D-531FD04DB196}.Release|Any CPU.ActiveCfg = Release|Any CPU
		{373D050C-B051-483A-9A1D-531FD04DB196}.Release|Any CPU.Build.0 = Release|Any CPU
	EndGlobalSection
	GlobalSection(SolutionProperties) = preSolution
		HideSolutionNode = FALSE
	EndGlobalSection
	GlobalSection(ExtensibilityGlobals) = postSolution
		SolutionGuid = {1FF90923-D73C-431C-B27E-04FED0C8967B}
	EndGlobalSection
EndGlobal
